
Microsoft Visual Studio Solution File, Format Version 12.00
# Visual Studio 15
VisualStudioVersion = 15.0.26730.15
MinimumVisualStudioVersion = 10.0.40219.1
Project("{FAE04EC0-301F-11D3-BF4B-00C04F79EFBC}") = "MunicipalityHost", "MunicipalityHost\MunicipalityHost.csproj", "{66B6F802-8206-4FE8-BF0A-1A4D5836E6BD}"
EndProject
Global
	GlobalSection(SolutionConfigurationPlatforms) = preSolution
		Debug|Any CPU = Debug|Any CPU
		Release|Any CPU = Release|Any CPU
	EndGlobalSection
	GlobalSection(ProjectConfigurationPlatforms) = postSolution
		{66B6F802-8206-4FE8-BF0A-1A4D5836E6BD}.Debug|Any CPU.ActiveCfg = Debug|Any CPU
		{66B6F802-8206-4FE8-BF0A-1A4D5836E6BD}.Debug|Any CPU.Build.0 = Debug|Any CPU
		{66B6F802-8206-4FE8-BF0A-1A4D5836E6BD}.Release|Any CPU.ActiveCfg = Release|Any CPU
		{66B6F802-8206-4FE8-BF0A-1A4D5836E6BD}.Release|Any CPU.Build.0 = Release|Any CPU
	EndGlobalSection
	GlobalSection(SolutionProperties) = preSolution
		HideSolutionNode = FALSE
	EndGlobalSection
	GlobalSection(ExtensibilityGlobals) = postSolution
		SolutionGuid = {05E495FA-7FAF-4E77-910E-B641982527A1}
	EndGlobalSection
EndGlobal
